<?xml version="1.0" encoding="utf-8"?>
<Project ToolsVersion="4.0" xmlns="http://schemas.microsoft.com/developer/msbuild/2003">
  <ItemGroup>
    <Filter Include="Source Files">
      <UniqueIdentifier>{4FC737F1-C7A5-4376-A066-2A32D752A2FF}</UniqueIdentifier>
      <Extensions>cpp;c;cc;cxx;c++;cppm;ixx;def;odl;idl;hpj;bat;asm;asmx</Extensions>
    </Filter>
    <Filter Include="Header Files">
      <UniqueIdentifier>{93995380-89BD-4b04-88EB-625FBE52EBFB}</UniqueIdentifier>
      <Extensions>h;hh;hpp;hxx;h++;hm;inl;inc;ipp;xsd</Extensions>
    </Filter>
    <Filter Include="Resource Files">
      <UniqueIdentifier>{67DA6AB6-F800-4c08-8B7A-83BB121AAD01}</UniqueIdentifier>
      <Extensions>rc;ico;cur;bmp;dlg;rc2;rct;bin;rgs;gif;jpg;jpeg;jpe;resx;tiff;tif;png;wav;mfcribbon-ms</Extensions>
    </Filter>
  </ItemGroup>
  <ItemGroup>
    <ClInclude Include="CoreMinimal.h">
      <Filter>Header Files</Filter>
    </ClInclude>
    <ClInclude Include="pch.h">
      <Filter>Header Files</Filter>
    </ClInclude>
    <ClInclude Include="Engine\Classes\Engine\World.h">
      <Filter>Header Files</Filter>
    </ClInclude>
    <ClInclude Include="Plugins\FortHookingLibrary\Minhook\MinHook.h">
      <Filter>Header Files</Filter>
    </ClInclude>
    <ClInclude Include="Plugins\FortHookingLibrary\FortHookingLibrary.h">
      <Filter>Header Files</Filter>
    </ClInclude>
    <ClInclude Include="FortniteGame\Source\FortniteGame\Public\Athena\FortGameModeAthena.h">
      <Filter>Header Files</Filter>
    </ClInclude>
    <ClInclude Include="Engine\Classes\Engine\GameSession.h">
      <Filter>Header Files</Filter>
    </ClInclude>
    <ClInclude Include="Engine\Classes\Engine\NetDriver.h">
      <Filter>Header Files</Filter>
    </ClInclude>
    <ClInclude Include="Engine\Classes\Engine\AbilitySystemComponent.h">
      <Filter>Header Files</Filter>
    </ClInclude>
    <ClInclude Include="FortniteGame\Source\FortniteGame\Public\Athena\FortPlayerControllerAthena.h">
      <Filter>Header Files</Filter>
    </ClInclude>
    <ClInclude Include="FortniteGame\Source\FortniteGame\Public\Building\BuildingFoundation.h">
      <Filter>Header Files</Filter>
    </ClInclude>
    <ClInclude Include="FortniteGame\Source\FortniteAI\Public\AI\Navigation\AthenaNavSystem.h">
      <Filter>Header Files</Filter>
    </ClInclude>
    <ClInclude Include="FortniteGame\Source\FortniteGame\Public\Components\FortControllerComponent_Aircraft.h">
      <Filter>Header Files</Filter>
    </ClInclude>
    <ClInclude Include="FortniteGame\Source\FortniteGame\Public\Athena\FortAthenaLivingWorldManager.h">
      <Filter>Header Files</Filter>
    </ClInclude>
    <ClInclude Include="FortniteGame\Source\FortniteGame\Public\Cosmetics\CosmeticLoadoutOwnerInterface.h">
      <Filter>Header Files</Filter>
    </ClInclude>
  </ItemGroup>
  <ItemGroup>
    <ClCompile Include="dllmain.cpp">
      <Filter>Source Files</Filter>
    </ClCompile>
    <ClCompile Include="pch.cpp">
      <Filter>Source Files</Filter>
    </ClCompile>
    <ClCompile Include="Plugins\SoftwareDevelopmentKit\SDK\Engine_functions.cpp">
      <Filter>Source Files</Filter>
    </ClCompile>
    <ClCompile Include="Engine\Source\Engine\World.cpp">
      <Filter>Source Files</Filter>
    </ClCompile>
    <ClCompile Include="Plugins\SoftwareDevelopmentKit\SDK\FortniteGame_functions.cpp">
      <Filter>Source Files</Filter>
    </ClCompile>
    <ClCompile Include="Plugins\SoftwareDevelopmentKit\SDK\Basic.cpp">
      <Filter>Source Files</Filter>
    </ClCompile>
    <ClCompile Include="Plugins\SoftwareDevelopmentKit\SDK\CoreUObject_functions.cpp">
      <Filter>Source Files</Filter>
    </ClCompile>
    <ClCompile Include="FortniteGame\Source\FortniteGame\Private\Athena\FortGameModeAthena.cpp">
      <Filter>Source Files</Filter>
    </ClCompile>
    <ClCompile Include="Engine\Source\Engine\GameSession.cpp">
      <Filter>Source Files</Filter>
    </ClCompile>
    <ClCompile Include="Engine\Source\Engine\NetDriver.cpp">
      <Filter>Source Files</Filter>
    </ClCompile>
    <ClCompile Include="Engine\Source\Engine\AbilitySystemComponent.cpp">
      <Filter>Source Files</Filter>
    </ClCompile>
    <ClCompile Include="FortniteGame\Source\FortniteGame\Private\Athena\FortPlayerControllerAthena.cpp">
      <Filter>Source Files</Filter>
    </ClCompile>
    <ClCompile Include="Plugins\SoftwareDevelopmentKit\SDK\GameplayAbilities_functions.cpp">
      <Filter>Source Files</Filter>
    </ClCompile>
    <ClCompile Include="Plugins\SoftwareDevelopmentKit\SDK\AIModule_functions.cpp">
      <Filter>Source Files</Filter>
    </ClCompile>
    <ClCompile Include="FortniteGame\Source\FortniteGame\Private\Building\BuildingFoundation.cpp">
      <Filter>Source Files</Filter>
    </ClCompile>
    <ClCompile Include="FortniteGame\Source\FortniteAI\Private\AI\Navigation\AthenaNavSystem.cpp">
      <Filter>Source Files</Filter>
    </ClCompile>
    <ClCompile Include="FortniteGame\Source\FortniteGame\Private\Components\FortControllerComponent_Aircraft.cpp">
      <Filter>Source Files</Filter>
    </ClCompile>
    <ClCompile Include="FortniteGame\Source\FortniteGame\Private\Athena\FortAthenaLivingWorldManager.cpp">
      <Filter>Source Files</Filter>
    </ClCompile>
    <ClCompile Include="FortniteGame\Source\FortniteGame\Private\Cosmetics\CosmeticLoadoutOwnerInterface.cpp">
      <Filter>Source Files</Filter>
    </ClCompile>
    <ClCompile Include="Plugins\SoftwareDevelopmentKit\SDK\LagerRuntime_functions.cpp">
      <Filter>Source Files</Filter>
    </ClCompile>
  </ItemGroup>
  <ItemGroup>
    <Library Include="Plugins\FortHookingLibrary\Minhook\minhook.lib" />
  </ItemGroup>
</Project>